github.com/aws/aws-sdk-go-v2 v1.12.0 h1:z5bijqy+eXLK/QqF6eQcwCN2qw1k+m9OUDicqCZygu0=
github.com/aws/aws-sdk-go-v2 v1.12.0/go.mod h1:tWhQI5N5SiMawto3uMAQJU5OUN/1ivhDDHq7HTsJvZ0=
github.com/aws/aws-sdk-go-v2/aws/protocol/eventstream v1.1.0 h1:Wkxd2/y6/QFlNQYD8ueQqGy/9BYBq/E7v7fNeLV2P8o=
github.com/aws/aws-sdk-go-v2/aws/protocol/eventstream v1.1.0/go.mod h1:VFAAzjEWnl0aWGwxREbyuC6qJOVnTANhKY4KYq2TPP0=
github.com/aws/aws-sdk-go-v2/config v1.12.0 h1:WOhIzj5HdixjlvQ4SLYAOk6OUUsuu88RwcsTzexa9cg=
github.com/aws/aws-sdk-go-v2/config v1.12.0/go.mod h1:GQONFVSDdG6RRho1C730SGNyDhS1kSTnxpOE76ptBqo=
github.com/aws/aws-sdk-go-v2/credentials v1.7.0 h1:KFuKwPs7i5SE5a0LxqAxz75qxSjr2HnHnhu0UPGlvpM=
github.com/aws/aws-sdk-go-v2/credentials v1.7.0/go.mod h1:Kmq64kahHJtXfmnEwnvRKeNjLBqkdP++Itln9BmQerE=
github.com/aws/aws-sdk-go-v2/feature/ec2/imds v1.9.0 h1:fPq3oloONbHaA0O8KX/KYUQk7pG9JjKBwYQvQsQDK84=
github.com/aws/aws-sdk-go-v2/feature/ec2/imds v1.9.0/go.mod h1:19SxQ+9zANyJCnNaoF3ovl8bFil4TaqCYEDdqNGKM+A=
github.com/aws/aws-sdk-go-v2/feature/s3/manager v1.8.0 h1:cFwlpdG7w3KkwSGXQozwzqYrhDhQrsUsOxLOS7IiJEc=
github.com/aws/aws-sdk-go-v2/feature/s3/manager v1.8.0/go.mod h1:OXeHVGxBkbY9zyE4LCrfh9CDeEVBVFcdj9Yi1Ik8BVw=
github.com/aws/aws-sdk-go-v2/internal/configsources v1.1.3 h1:YPNiEXnuWdkpNOwBFHhcLwkSmewwQRcPFO9dHmxU0qg=
github.com/aws/aws-sdk-go-v2/internal/configsources v1.1.3/go.mod h1:L72JSFj9OwHwyukeuKFFyTj6uFWE4AjB0IQp97bd9Lc=
github.com/aws/aws-sdk-go-v2/internal/endpoints/v2 v2.1.0 h1:ArRd27pSm66f7cCBDPS77wvxiS4IRjFatpzVBD7Aojc=
github.com/aws/aws-sdk-go-v2/internal/endpoints/v2 v2.1.0/go.mod h1:KdVvdk4gb7iatuHZgIkIqvJlWHBtjCJLUtD/uO/FkWw=
github.com/aws/aws-sdk-go-v2/internal/ini v1.3.3 h1:fmGqMNlFTHr9Y48qmYYv2qIo+TAsST3qZa2d1HcwBeo=
github.com/aws/aws-sdk-go-v2/internal/ini v1.3.3/go.mod h1:N4dv+zawriMFZBO/6UKg3zt+XO6xWOQo1neAA0lFbo4=
github.com/aws/aws-sdk-go-v2/service/internal/accept-encoding v1.6.0 h1:zQlcDaAP0sk7jVSkBnBd4fc07M8bSAi6k1WjL48tB9M=
github.com/aws/aws-sdk-go-v2/service/internal/accept-encoding v1.6.0/go.mod h1:lzucjNKa47J5dstwdXwRrDLMEeWwOYK2+BgUKR3xthI=
github.com/aws/aws-sdk-go-v2/service/internal/presigned-url v1.6.0 h1:rwE0kWa5qm0yEoNPwC3zhrt1tFVXTmkWRlUxLayAwyc=
github.com/aws/aws-sdk-go-v2/service/internal/presigned-url v1.6.0/go.mod h1:wTgFkG6t7jS/6Y0SILXwfspV3IXowb6ngsAlSajW0Kc=
github.com/aws/aws-sdk-go-v2/service/internal/s3shared v1.10.0 h1:BIqXLjEbWh7vTj1pQ/63czJUsfck6UwSLpJjhsiZezI=
github.com/aws/aws-sdk-go-v2/service/internal/s3shared v1.10.0/go.mod h1:63zwSPj+6owUqMTuMk12LQBJobiEsCy286evNW+/Mhk=
github.com/aws/aws-sdk-go-v2/service/s3 v1.23.0 h1:4CUrngIysbIQpC56JchMWDNJpQCGVCElS5osSbr5qLc=
github.com/aws/aws-sdk-go-v2/service/s3 v1.23.0/go.mod h1:l+Y3grd9VGhuO7IlmFwAFNSDPFIDi/5oNa9jlk89KIc=
github.com/aws/aws-sdk-go-v2/service/sso v1.8.0 h1:X77LUt6Djy3Z02r6tW7Z+4FNr6GCnEG54EXfskc19M4=
github.com/aws/aws-sdk-go-v2/service/sso v1.8.0/go.mod h1:AB6v3BedyhVRIbPQbJnUsBmtup2pFiikpp5n3YyB6Ac=
github.com/aws/aws-sdk-go-v2/service/sts v1.13.0 h1:n8+dZMOvwkGtmhub8B2wYvRHut45/NB7DeNhNcUnBpg=
github.com/aws/aws-sdk-go-v2/service/sts v1.13.0/go.mod h1:jQto17aC9pJ6xRa1g29uXZhbcS6qNT3PSnKfPShq4sY=
github.com/aws/smithy-go v1.9.1 h1:5vetTooLk4hPWV8q6ym6+lXKAT1Urnm49YkrRKo2J8o=
github.com/aws/smithy-go v1.9.1/go.mod h1:SObp3lf9smib00L/v3U2eAKG8FyQ7iLrJnQiAmR5n+E=
github.com/davecgh/go-spew v1.1.0/go.mod h1:J7Y8YcW2NihsgmVo/mv3lAwl/skON4iLHjSsI+c5H38=
github.com/davecgh/go-spew v1.1.1 h1:vj9j/u1bqnvCEfJOwUhtlOARqs3+rkHYY13jYWTU97c=
github.com/davecgh/go-spew v1.1.1/go.mod h1:J7Y8YcW2NihsgmVo/mv3lAwl/skON4iLHjSsI+c5H38=
github.com/gin-contrib/sse v0.1.0 h1:Y/yl/+YNO8GZSjAhjMsSuLt29uWRFHdHYUb5lYOV9qE=
github.com/gin-contrib/sse v0.1.0/go.mod h1:RHrZQHXnP2xjPF+u1gW/2HnVO7nvIa9PG3Gm+fLHvGI=
github.com/gin-gonic/gin v1.7.7 h1:3DoBmSbJbZAWqXJC3SLjAPfutPJJRN1U5pALB7EeTTs=
github.com/gin-gonic/gin v1.7.7/go.mod h1:axIBovoeJpVj8S3BwE0uPMTeReE4+AfFtqpqaZ1qq1U=
github.com/go-playground/assert/v2 v2.0.1 h1:MsBgLAaY856+nPRTKrp3/OZK38U/wa0CcBYNjji3q3A=
github.com/go-playground/assert/v2 v2.0.1/go.mod h1:VDjEfimB/XKnb+ZQfWdccd7VUvScMdVu0Titje2rxJ4=
github.com/go-playground/locales v0.13.0 h1:HyWk6mgj5qFqCT5fjGBuRArbVDfE4hi8+e8ceBS/t7Q=
github.com/go-playground/locales v0.13.0/go.mod h1:taPMhCMXrRLJO55olJkUXHZBHCxTMfnGwq/HNwmWNS8=
github.com/go-playground/universal-translator v0.17.0 h1:icxd5fm+REJzpZx7ZfpaD876Lmtgy7VtROAbHHXk8no=
github.com/go-playground/universal-translator v0.17.0/go.mod h1:UkSxE5sNxxRwHyU+Scu5vgOQjsIJAF8j9muTVoKLVtA=
github.com/go-playground/validator/v10 v10.4.1 h1:pH2c5ADXtd66mxoE0Zm9SUhxE20r7aM3F26W0hOn+GE=
github.com/go-playground/validator/v10 v10.4.1/go.mod h1:nlOn6nFhuKACm19sB/8EGNn9GlaMV7XkbRSipzJ0Ii4=
github.com/golang/protobuf v1.3.3 h1:gyjaxf+svBWX08ZjK86iN9geUJF0H6gp2IRKX6Nf6/I=
github.com/golang/protobuf v1.3.3/go.mod h1:vzj43D7+SQXF/4pzW/hwtAqwc6iTitCiVSaWz5lYuqw=
github.com/google/go-cmp v0.5.4/go.mod h1:v8dTdLbMG2kIc/vJvl+f65V22dbkXbowE6jgT/gNBxE=
github.com/google/go-cmp v0.5.6 h1:BKbKCqvP6I+rmFHt06ZmyQtvB8xAkWdhFyr0ZUNZcxQ=
github.com/google/go-cmp v0.5.6/go.mod h1:v8dTdLbMG2kIc/vJvl+f65V22dbkXbowE6jgT/gNBxE=
github.com/google/gofuzz v1.0.0/go.mod h1:dBl0BpW6vV/+mYPU4Po3pmUjxk6FQPldtuIdl/M65Eg=
github.com/jmespath/go-jmespath v0.4.0 h1:BEgLn5cpjn8UN1mAw4NjwDrS35OdebyEtFe+9YPoQUg=
github.com/jmespath/go-jmespath v0.4.0/go.mod h1:T8mJZnbsbmF+m6zOOFylbeCJqk5+pHWvzYPziyZiYoo=
github.com/jmespath/go-jmespath/internal/testify v1.5.1 h1:shLQSRRSCCPj3f2gpwzGwWFoC7ycTf1rcQZHOlsJ6N8=
github.com/jmespath/go-jmespath/internal/testify v1.5.1/go.mod h1:L3OGu8Wl2/fWfCI6z80xFu9LTZmf1ZRjMHUOPmWr69U=
github.com/json-iterator/go v1.1.9 h1:9yzud/Ht36ygwatGx56VwCZtlI/2AD15T1X2sjSuGns=
github.com/json-iterator/go v1.1.9/go.mod h1:KdQUCv79m/52Kvf8AW2vK1V8akMuk1QjK/uOdHXbAo4=
github.com/leodido/go-urn v1.2.0 h1:hpXL4XnriNwQ/ABnpepYM/1vCLWNDfUNts8dX3xTG6Y=
github.com/leodido/go-urn v1.2.0/go.mod h1:+8+nEpDfqqsY+g338gtMEUOtuK+4dEMhiQEgxpxOKII=
github.com/mattn/go-isatty v0.0.12 h1:wuysRhFDzyxgEmMf5xjvJ2M9dZoWAXNNr5LSBS7uHXY=
github.com/mattn/go-isatty v0.0.12/go.mod h1:cbi8OIDigv2wuxKPP5vlRcQ1OAZbq2CE4Kysco4FUpU=
github.com/modern-go/concurrent v0.0.0-20180228061459-e0a39a4cb421 h1:ZqeYNhU3OHLH3mGKHDcjJRFFRrJa6eAM5H+CtDdOsPc=
github.com/modern-go/concurrent v0.0.0-20180228061459-e0a39a4cb421/go.mod h1:6dJC0mAP4ikYIbvyc7fijjWJddQyLn8Ig3JB5CqoB9Q=
github.com/modern-go/reflect2 v0.0.0-20180701023420-4b7aa43c6742 h1:Esafd1046DLDQ0W1YjYsBW+p8U2u7vzgW2SQVmlNazg=
github.com/modern-go/reflect2 v0.0.0-20180701023420-4b7aa43c6742/go.mod h1:bx2lNnkwVCuqBIxFjflWJWanXIb3RllmbCylyMrvgv0=
github.com/pmezard/go-difflib v1.0.0 h1:4DBwDE0NGyQoBHbLQYPwSUPoCMWR5BEzIk/f1lZbAQM=
github.com/pmezard/go-difflib v1.0.0/go.mod h1:iKH77koFhYxTK1pcRnkKkqfTogsbg7gZNVY4sRDYZ/4=
github.com/stretchr/objx v0.1.0/go.mod h1:HFkY916IF+rwdDfMAkV7OtwuqBVzrE8GR6GFx+wExME=
github.com/stretchr/testify v1.3.0/go.mod h1:M5WIy9Dh21IEIfnGCwXGc5bZfKNJtfHm1UVUgZn+9EI=
github.com/stretchr/testify v1.4.0 h1:2E4SXV/wtOkTonXsotYi4li6zVWxYlZuYNCXe9XRJyk=
github.com/stretchr/testify v1.4.0/go.mod h1:j7eGeouHqKxXV5pUuKE4zz7dFj8WfuZ+81PSLYec5m4=
github.com/ugorji/go v1.1.7 h1:/68gy2h+1mWMrwZFeD1kQialdSzAb432dtpeJ42ovdo=
github.com/ugorji/go v1.1.7/go.mod h1:kZn38zHttfInRq0xu/PH0az30d+z6vm202qpg1oXVMw=
github.com/ugorji/go/codec v1.1.7 h1:2SvQaVZ1ouYrrKKwoSk2pzd4A9evlKJb9oTL+OaLUSs=
github.com/ugorji/go/codec v1.1.7/go.mod h1:Ax+UKWsSmolVDwsd+7N3ZtXu+yMGCf907BLYF3GoBXY=
golang.org/x/crypto v0.0.0-20190308221718-c2843e01d9a2/go.mod h1:djNgcEr1/C05ACkg1iLfiJU5Ep61QUkGW8qpdssI0+w=
golang.org/x/crypto v0.0.0-20200622213623-75b288015ac9 h1:psW17arqaxU48Z5kZ0CQnkZWQJsqcURM6tKiBApRjXI=
golang.org/x/crypto v0.0.0-20200622213623-75b288015ac9/go.mod h1:LzIPMQfyMNhhGPhUkYOs5KpL4U8rLKemX1yGLhDgUto=
golang.org/x/net v0.0.0-20190404232315-eb5bcb51f2a3/go.mod h1:t9HGtf8HONx5eT2rtn7q6eTqICYqUVnKs3thJo3Qplg=
golang.org/x/sys v0.0.0-20190215142949-d0b11bdaac8a/go.mod h1:STP8DvDyc/dI5b8T5hshtkjS+E42TnysNCUPdjciGhY=
golang.org/x/sys v0.0.0-20190412213103-97732733099d/go.mod h1:h1NjWce9XRLGQEsW7wpKNCjG9DtNlClVuFLEZdDNbEs=
golang.org/x/sys v0.0.0-20200116001909-b77594299b42 h1:vEOn+mP2zCOVzKckCZy6YsCtDblrpj/w7B9nxGNELpg=
golang.org/x/sys v0.0.0-20200116001909-b77594299b42/go.mod h1:h1NjWce9XRLGQEsW7wpKNCjG9DtNlClVuFLEZdDNbEs=
golang.org/x/text v0.3.0/go.mod h1:NqM8EUOU14njkJ3fqMW+pc6Ldnwhi/IjpwHt7yyuwOQ=
golang.org/x/text v0.3.2/go.mod h1:bEr9sfX3Q8Zfm5fL9x+3itogRgK3+ptLWKqgva+5dAk=
golang.org/x/tools v0.0.0-20180917221912-90fa682c2a6e/go.mod h1:n7NCudcB/nEzxVGmLbDWY5pfWTLqBcC2KZ6jyYvM4mQ=
golang.org/x/xerrors v0.0.0-20191204190536-9bdfabe68543 h1:E7g+9GITq07hpfrRu66IVDexMakfv52eLZ2CXBWiKr4=
golang.org/x/xerrors v0.0.0-20191204190536-9bdfabe68543/go.mod h1:I/5z698sn9Ka8TeJc9MKroUUfqBBauWjQqLJ2OPfmY0=
gopkg.in/check.v1 v0.0.0-20161208181325-20d25e280405 h1:yhCVgyC4o1eVCa2tZl7eS0r+SDo693bJlVdllGtEeKM=
gopkg.in/check.v1 v0.0.0-20161208181325-20d25e280405/go.mod h1:Co6ibVJAznAaIkqp8huTwlJQCZ016jof/cbN4VW5Yz0=
gopkg.in/yaml.v2 v2.2.2/go.mod h1:hI93XBmqTisBFMUTm0b8Fm+jr3Dg1NNxqwp+5A1VGuI=
gopkg.in/yaml.v2 v2.2.8 h1:obN1ZagJSUGI0Ek/LBmuj4SNLPfIny3KsKFopxRdj10=
gopkg.in/yaml.v2 v2.2.8/go.mod h1:hI93XBmqTisBFMUTm0b8Fm+jr3Dg1NNxqwp+5A1VGuI=
